
Microsoft Visual Studio Solution File, Format Version 12.00
# Visual Studio Version 17
VisualStudioVersion = 17.0.31903.59
MinimumVisualStudioVersion = 10.0.40219.1
Project("{FAE04EC0-301F-11D3-BF4B-00C04F79EFBC}") = "Abhiram.Extensions.DotEnv", "Abhiram.Extensions.DotEnv\Abhiram.Extensions.DotEnv.csproj", "{3AD9D10D-1987-4397-BE18-2CF6B154912E}"
EndProject
Project("{FAE04EC0-301F-11D3-BF4B-00C04F79EFBC}") = "Abhiram.Abstractions.Logging", "Abhiram.Abstractions.Logging\Abhiram.Abstractions.Logging.csproj", "{E9DF00E5-B852-4151-9ABA-60700226238C}"
EndProject
Project("{FAE04EC0-301F-11D3-BF4B-00C04F79EFBC}") = "Abhiram.Secrets.Providers", "Abhiram.Secrets.Providers\Abhiram.Secrets.Providers.csproj", "{F0E37612-2B7A-4B1B-9E3F-48D588BEA91B}"
EndProject
Global
	GlobalSection(SolutionConfigurationPlatforms) = preSolution
		Debug|Any CPU = Debug|Any CPU
		Release|Any CPU = Release|Any CPU
	EndGlobalSection
	GlobalSection(SolutionProperties) = preSolution
		HideSolutionNode = FALSE
	EndGlobalSection
	GlobalSection(ProjectConfigurationPlatforms) = postSolution
		{3AD9D10D-1987-4397-BE18-2CF6B154912E}.Debug|Any CPU.ActiveCfg = Debug|Any CPU
		{3AD9D10D-1987-4397-BE18-2CF6B154912E}.Debug|Any CPU.Build.0 = Debug|Any CPU
		{3AD9D10D-1987-4397-BE18-2CF6B154912E}.Release|Any CPU.ActiveCfg = Release|Any CPU
		{3AD9D10D-1987-4397-BE18-2CF6B154912E}.Release|Any CPU.Build.0 = Release|Any CPU
		{E9DF00E5-B852-4151-9ABA-60700226238C}.Debug|Any CPU.ActiveCfg = Debug|Any CPU
		{E9DF00E5-B852-4151-9ABA-60700226238C}.Debug|Any CPU.Build.0 = Debug|Any CPU
		{E9DF00E5-B852-4151-9ABA-60700226238C}.Release|Any CPU.ActiveCfg = Release|Any CPU
		{E9DF00E5-B852-4151-9ABA-60700226238C}.Release|Any CPU.Build.0 = Release|Any CPU
		{F0E37612-2B7A-4B1B-9E3F-48D588BEA91B}.Debug|Any CPU.ActiveCfg = Debug|Any CPU
		{F0E37612-2B7A-4B1B-9E3F-48D588BEA91B}.Debug|Any CPU.Build.0 = Debug|Any CPU
		{F0E37612-2B7A-4B1B-9E3F-48D588BEA91B}.Release|Any CPU.ActiveCfg = Release|Any CPU
		{F0E37612-2B7A-4B1B-9E3F-48D588BEA91B}.Release|Any CPU.Build.0 = Release|Any CPU
	EndGlobalSection
EndGlobal
